
Microsoft Visual Studio Solution File, Format Version 12.00
# Visual Studio Version 17
VisualStudioVersion = 17.1.32210.238
MinimumVisualStudioVersion = 10.0.40219.1
Project("{2150E333-8FDC-42A3-9474-1A3956D46DE8}") = "Common", "Common", "{115FAEF7-CAA1-42BE-9E6E-DE87F0605E01}"
EndProject
Project("{9A19103F-16F7-4668-BE54-9A1E7A4F7556}") = "CommonInit", "..\CommonInit\CommonInit.csproj", "{688DD62E-28A1-4C34-8347-E2D9475505DD}"
EndProject
Project("{9A19103F-16F7-4668-BE54-9A1E7A4F7556}") = "Commons", "..\Common\Commons.csproj", "{3430E3EE-0E98-4F59-A918-1896A95A5E41}"
EndProject
Project("{9A19103F-16F7-4668-BE54-9A1E7A4F7556}") = "DomainCommons", "..\DomainCommons\DomainCommons.csproj", "{B95D732C-D66B-4E11-9D07-B2011016C7DD}"
EndProject
Project("{9A19103F-16F7-4668-BE54-9A1E7A4F7556}") = "EventBus", "..\EventBus\EventBus.csproj", "{12EBEA83-6E70-4271-822D-8134EB223104}"
EndProject
Project("{9A19103F-16F7-4668-BE54-9A1E7A4F7556}") = "Infrastructure", "..\Infrastructure\Infrastructure.csproj", "{1CAF692C-85BE-4C2A-A576-1ED14AC10566}"
EndProject
Project("{2150E333-8FDC-42A3-9474-1A3956D46DE8}") = "IdentityService", "IdentityService", "{70444E2B-AE0E-4EF4-BF5C-72825CD3F760}"
EndProject
Project("{9A19103F-16F7-4668-BE54-9A1E7A4F7556}") = "IdentityService.Domain", "..\Identity.Domain\IdentityService.Domain.csproj", "{E7C705C7-C8D8-4E59-8B72-68127A1C7888}"
EndProject
Project("{9A19103F-16F7-4668-BE54-9A1E7A4F7556}") = "Jwt", "..\Jwt\Jwt.csproj", "{B0F7CCCF-FCF5-4312-8BF5-6B209FA3E14F}"
EndProject
Project("{9A19103F-16F7-4668-BE54-9A1E7A4F7556}") = "IdentityService.Infrastructure", "..\Identity.Infrastructure\IdentityService.Infrastructure.csproj", "{C5D5DD28-D433-457B-9A0D-227130ADFF08}"
EndProject
Project("{9A19103F-16F7-4668-BE54-9A1E7A4F7556}") = "IdentityService.Api", "..\Identity.Api\IdentityService.Api.csproj", "{CD549BD2-87B0-4189-8724-02AFA52DE22B}"
EndProject
Project("{9A19103F-16F7-4668-BE54-9A1E7A4F7556}") = "AspNetCore", "..\AspNetCore\AspNetCore.csproj", "{998FE98A-5ED7-4745-AE31-F526F32F25BF}"
EndProject
Project("{2150E333-8FDC-42A3-9474-1A3956D46DE8}") = "ArticleService", "ArticleService", "{5FCB60E1-40FF-407D-9D26-3CB779C150F2}"
EndProject
Project("{9A19103F-16F7-4668-BE54-9A1E7A4F7556}") = "ArticleService.Domain", "..\ArticleService.Domain\ArticleService.Domain.csproj", "{46FDC5BD-E5D9-4E30-BFD1-5EB09AC7A8B9}"
EndProject
Project("{2150E333-8FDC-42A3-9474-1A3956D46DE8}") = "CategoryService", "CategoryService", "{06F65DB1-8D80-422E-A160-4464789F2CE4}"
EndProject
Project("{9A19103F-16F7-4668-BE54-9A1E7A4F7556}") = "CategoryService.Domain", "..\CategoryService.Domain\CategoryService.Domain.csproj", "{40AEE451-06A6-4232-89EC-9EAEE2CD8205}"
EndProject
Project("{9A19103F-16F7-4668-BE54-9A1E7A4F7556}") = "CategoryService.Infrastructure", "..\CategoryService.Infrastructure\CategoryService.Infrastructure.csproj", "{01888A1E-CE2F-46A0-AF6A-71C06D8CD88C}"
EndProject
Project("{9A19103F-16F7-4668-BE54-9A1E7A4F7556}") = "ArticleService.Infrastructure", "..\ArticleService.Infrastructure\ArticleService.Infrastructure.csproj", "{3ACDA1AE-5DB0-4563-A6EC-404B6A079CF1}"
EndProject
Project("{9A19103F-16F7-4668-BE54-9A1E7A4F7556}") = "ArticleService.WebApi", "..\ArticleService.WebApi\ArticleService.WebApi.csproj", "{DCEC0ACF-2F2A-4F2E-BB95-174E82B42CF1}"
EndProject
Project("{9A19103F-16F7-4668-BE54-9A1E7A4F7556}") = "ArticleService.Admin.WebApi", "..\ArticleService.Admin.WebApi\ArticleService.Admin.WebApi.csproj", "{5CBE6123-6E23-43A4-B6DF-CB2B38B12831}"
EndProject
Project("{9A19103F-16F7-4668-BE54-9A1E7A4F7556}") = "CategoryService.WebApi", "..\CategoryService.WebApi\CategoryService.WebApi.csproj", "{5522654C-2DE8-4F96-B6A1-E04102CDE69C}"
EndProject
Project("{9A19103F-16F7-4668-BE54-9A1E7A4F7556}") = "CategoryService.Admin.WebApi", "..\CategoryService.Admin.WebApi\CategoryService.Admin.WebApi.csproj", "{D0AC325D-54FF-4069-AE55-1AB0037CAD97}"
EndProject
Project("{2150E333-8FDC-42A3-9474-1A3956D46DE8}") = "PageService", "PageService", "{867782D1-AD02-4FDF-81B4-AD832439DE71}"
EndProject
Project("{9A19103F-16F7-4668-BE54-9A1E7A4F7556}") = "PageService.Domain", "..\PageService.Domain\PageService.Domain.csproj", "{FF60C6C9-83D0-4E14-8E92-05FE8D56343C}"
EndProject
Project("{9A19103F-16F7-4668-BE54-9A1E7A4F7556}") = "PageService.Infrastructure", "..\PageService.Infrastructure\PageService.Infrastructure.csproj", "{B617EAF3-2A51-40B3-BBBF-9AFA7BCBF5E2}"
EndProject
Project("{9A19103F-16F7-4668-BE54-9A1E7A4F7556}") = "PageService.WebApi", "..\PageService.WebApi\PageService.WebApi.csproj", "{C5CF8F48-6B83-4C37-9A61-675629FA72F3}"
EndProject
Project("{9A19103F-16F7-4668-BE54-9A1E7A4F7556}") = "PageService.Admin.Api", "..\PageService.Admin.Api\PageService.Admin.Api.csproj", "{AE95BFA0-3EE3-424E-BFA4-4D9E2765FC34}"
EndProject
Project("{2150E333-8FDC-42A3-9474-1A3956D46DE8}") = "TagService", "TagService", "{3F0B0931-812A-4682-B5E2-D113A16A0113}"
EndProject
Project("{9A19103F-16F7-4668-BE54-9A1E7A4F7556}") = "TagService.Domain", "..\TagService.Domain\TagService.Domain.csproj", "{B6AF9CAC-C4E7-43F2-A0C3-6212BE7DB17B}"
EndProject
Project("{9A19103F-16F7-4668-BE54-9A1E7A4F7556}") = "TagService.Infrastructure", "..\TagService.Infrastructure\TagService.Infrastructure.csproj", "{53DE3314-05E4-4541-8C83-EB48C1F3C99C}"
EndProject
Project("{9A19103F-16F7-4668-BE54-9A1E7A4F7556}") = "TagService.WebApi", "..\TagService.WebApi\TagService.WebApi.csproj", "{7847D3C7-AD3D-40D8-B548-D7945666DF2A}"
EndProject
Project("{2150E333-8FDC-42A3-9474-1A3956D46DE8}") = "CommentService", "CommentService", "{41514DC4-BBC0-4510-B4CE-BDC029CED8B6}"
EndProject
Project("{9A19103F-16F7-4668-BE54-9A1E7A4F7556}") = "CommentService.Domain", "..\CommentService.Domain\CommentService.Domain.csproj", "{94EC8B91-A85A-4B32-A892-6B093044F7A2}"
EndProject
Project("{9A19103F-16F7-4668-BE54-9A1E7A4F7556}") = "CommentService.Infrastructure", "..\CommentService.Infrastructre\CommentService.Infrastructure.csproj", "{45B27E80-F6D8-403A-B34C-D183BA1FB2C4}"
EndProject
Project("{9A19103F-16F7-4668-BE54-9A1E7A4F7556}") = "CommentService.WebApi", "..\CommentService.WebApi\CommentService.WebApi.csproj", "{E09E9F1B-267D-4870-A6ED-B2CDBB716B13}"
EndProject
Project("{9A19103F-16F7-4668-BE54-9A1E7A4F7556}") = "CommentService.Admin.Api", "..\CommentService.Admin.Api\CommentService.Admin.Api.csproj", "{5AF1CBAE-7AC3-4537-9760-FF6B2AB2D4E5}"
EndProject
Project("{2150E333-8FDC-42A3-9474-1A3956D46DE8}") = "LinkService", "LinkService", "{6E7D0C7C-49EB-4EE2-9ED9-FED0831C7643}"
EndProject
Project("{9A19103F-16F7-4668-BE54-9A1E7A4F7556}") = "LinkService.Domain", "..\LinkService.Domain\LinkService.Domain.csproj", "{C7CEF360-8150-4262-839B-EBD094697B55}"
EndProject
Project("{9A19103F-16F7-4668-BE54-9A1E7A4F7556}") = "LinkService.Infrastructure", "..\LinkService.Infrastructure\LinkService.Infrastructure.csproj", "{EAAEB6CA-3E8C-48A3-8CBB-0795FE0AD3A0}"
EndProject
Project("{9A19103F-16F7-4668-BE54-9A1E7A4F7556}") = "LinkService.WebApi", "..\LinkService.WebApi\LinkService.WebApi.csproj", "{26423230-6689-43F7-A24B-5E9CA3C4AA1B}"
EndProject
Project("{9A19103F-16F7-4668-BE54-9A1E7A4F7556}") = "LinkService.Admin.Api", "..\LinkService.Admin.Api\LinkService.Admin.Api.csproj", "{1A08911F-7F72-438A-A8A1-11DC8BECA81E}"
EndProject
Project("{2150E333-8FDC-42A3-9474-1A3956D46DE8}") = "OptionService", "OptionService", "{0C0FD651-EAAC-46A2-8A3A-6C6FF71CFB20}"
EndProject
Project("{9A19103F-16F7-4668-BE54-9A1E7A4F7556}") = "OptionService.Domain", "..\OptionService.Domain\OptionService.Domain.csproj", "{1C765A82-4E94-4D4D-89BA-A085E3506E23}"
EndProject
Project("{9A19103F-16F7-4668-BE54-9A1E7A4F7556}") = "OptionService.Infrastructure", "..\OptionService.Infrastructure\OptionService.Infrastructure.csproj", "{739B52C1-8B23-497B-A135-8077EB5FBA49}"
EndProject
Project("{9A19103F-16F7-4668-BE54-9A1E7A4F7556}") = "OptionService.WebApi", "..\OptionService.WebApi\OptionService.WebApi.csproj", "{CEB15220-FFC1-458A-A080-AE610159E838}"
EndProject
Project("{9A19103F-16F7-4668-BE54-9A1E7A4F7556}") = "OptionService.Admin.Api", "..\OptionService.Admin.Api\OptionService.Admin.Api.csproj", "{816EC8FA-E826-4992-B96B-B32DE677F594}"
EndProject
Global
	GlobalSection(SolutionConfigurationPlatforms) = preSolution
		Debug|Any CPU = Debug|Any CPU
		Release|Any CPU = Release|Any CPU
	EndGlobalSection
	GlobalSection(ProjectConfigurationPlatforms) = postSolution
		{688DD62E-28A1-4C34-8347-E2D9475505DD}.Debug|Any CPU.ActiveCfg = Debug|Any CPU
		{688DD62E-28A1-4C34-8347-E2D9475505DD}.Debug|Any CPU.Build.0 = Debug|Any CPU
		{688DD62E-28A1-4C34-8347-E2D9475505DD}.Release|Any CPU.ActiveCfg = Release|Any CPU
		{688DD62E-28A1-4C34-8347-E2D9475505DD}.Release|Any CPU.Build.0 = Release|Any CPU
		{3430E3EE-0E98-4F59-A918-1896A95A5E41}.Debug|Any CPU.ActiveCfg = Debug|Any CPU
		{3430E3EE-0E98-4F59-A918-1896A95A5E41}.Debug|Any CPU.Build.0 = Debug|Any CPU
		{3430E3EE-0E98-4F59-A918-1896A95A5E41}.Release|Any CPU.ActiveCfg = Release|Any CPU
		{3430E3EE-0E98-4F59-A918-1896A95A5E41}.Release|Any CPU.Build.0 = Release|Any CPU
		{B95D732C-D66B-4E11-9D07-B2011016C7DD}.Debug|Any CPU.ActiveCfg = Debug|Any CPU
		{B95D732C-D66B-4E11-9D07-B2011016C7DD}.Debug|Any CPU.Build.0 = Debug|Any CPU
		{B95D732C-D66B-4E11-9D07-B2011016C7DD}.Release|Any CPU.ActiveCfg = Release|Any CPU
		{B95D732C-D66B-4E11-9D07-B2011016C7DD}.Release|Any CPU.Build.0 = Release|Any CPU
		{12EBEA83-6E70-4271-822D-8134EB223104}.Debug|Any CPU.ActiveCfg = Debug|Any CPU
		{12EBEA83-6E70-4271-822D-8134EB223104}.Debug|Any CPU.Build.0 = Debug|Any CPU
		{12EBEA83-6E70-4271-822D-8134EB223104}.Release|Any CPU.ActiveCfg = Release|Any CPU
		{12EBEA83-6E70-4271-822D-8134EB223104}.Release|Any CPU.Build.0 = Release|Any CPU
		{1CAF692C-85BE-4C2A-A576-1ED14AC10566}.Debug|Any CPU.ActiveCfg = Debug|Any CPU
		{1CAF692C-85BE-4C2A-A576-1ED14AC10566}.Debug|Any CPU.Build.0 = Debug|Any CPU
		{1CAF692C-85BE-4C2A-A576-1ED14AC10566}.Release|Any CPU.ActiveCfg = Release|Any CPU
		{1CAF692C-85BE-4C2A-A576-1ED14AC10566}.Release|Any CPU.Build.0 = Release|Any CPU
		{E7C705C7-C8D8-4E59-8B72-68127A1C7888}.Debug|Any CPU.ActiveCfg = Debug|Any CPU
		{E7C705C7-C8D8-4E59-8B72-68127A1C7888}.Debug|Any CPU.Build.0 = Debug|Any CPU
		{E7C705C7-C8D8-4E59-8B72-68127A1C7888}.Release|Any CPU.ActiveCfg = Release|Any CPU
		{E7C705C7-C8D8-4E59-8B72-68127A1C7888}.Release|Any CPU.Build.0 = Release|Any CPU
		{B0F7CCCF-FCF5-4312-8BF5-6B209FA3E14F}.Debug|Any CPU.ActiveCfg = Debug|Any CPU
		{B0F7CCCF-FCF5-4312-8BF5-6B209FA3E14F}.Debug|Any CPU.Build.0 = Debug|Any CPU
		{B0F7CCCF-FCF5-4312-8BF5-6B209FA3E14F}.Release|Any CPU.ActiveCfg = Release|Any CPU
		{B0F7CCCF-FCF5-4312-8BF5-6B209FA3E14F}.Release|Any CPU.Build.0 = Release|Any CPU
		{C5D5DD28-D433-457B-9A0D-227130ADFF08}.Debug|Any CPU.ActiveCfg = Debug|Any CPU
		{C5D5DD28-D433-457B-9A0D-227130ADFF08}.Debug|Any CPU.Build.0 = Debug|Any CPU
		{C5D5DD28-D433-457B-9A0D-227130ADFF08}.Release|Any CPU.ActiveCfg = Release|Any CPU
		{C5D5DD28-D433-457B-9A0D-227130ADFF08}.Release|Any CPU.Build.0 = Release|Any CPU
		{CD549BD2-87B0-4189-8724-02AFA52DE22B}.Debug|Any CPU.ActiveCfg = Debug|Any CPU
		{CD549BD2-87B0-4189-8724-02AFA52DE22B}.Debug|Any CPU.Build.0 = Debug|Any CPU
		{CD549BD2-87B0-4189-8724-02AFA52DE22B}.Release|Any CPU.ActiveCfg = Release|Any CPU
		{CD549BD2-87B0-4189-8724-02AFA52DE22B}.Release|Any CPU.Build.0 = Release|Any CPU
		{998FE98A-5ED7-4745-AE31-F526F32F25BF}.Debug|Any CPU.ActiveCfg = Debug|Any CPU
		{998FE98A-5ED7-4745-AE31-F526F32F25BF}.Debug|Any CPU.Build.0 = Debug|Any CPU
		{998FE98A-5ED7-4745-AE31-F526F32F25BF}.Release|Any CPU.ActiveCfg = Release|Any CPU
		{998FE98A-5ED7-4745-AE31-F526F32F25BF}.Release|Any CPU.Build.0 = Release|Any CPU
		{46FDC5BD-E5D9-4E30-BFD1-5EB09AC7A8B9}.Debug|Any CPU.ActiveCfg = Debug|Any CPU
		{46FDC5BD-E5D9-4E30-BFD1-5EB09AC7A8B9}.Debug|Any CPU.Build.0 = Debug|Any CPU
		{46FDC5BD-E5D9-4E30-BFD1-5EB09AC7A8B9}.Release|Any CPU.ActiveCfg = Release|Any CPU
		{46FDC5BD-E5D9-4E30-BFD1-5EB09AC7A8B9}.Release|Any CPU.Build.0 = Release|Any CPU
		{40AEE451-06A6-4232-89EC-9EAEE2CD8205}.Debug|Any CPU.ActiveCfg = Debug|Any CPU
		{40AEE451-06A6-4232-89EC-9EAEE2CD8205}.Debug|Any CPU.Build.0 = Debug|Any CPU
		{40AEE451-06A6-4232-89EC-9EAEE2CD8205}.Release|Any CPU.ActiveCfg = Release|Any CPU
		{40AEE451-06A6-4232-89EC-9EAEE2CD8205}.Release|Any CPU.Build.0 = Release|Any CPU
		{01888A1E-CE2F-46A0-AF6A-71C06D8CD88C}.Debug|Any CPU.ActiveCfg = Debug|Any CPU
		{01888A1E-CE2F-46A0-AF6A-71C06D8CD88C}.Debug|Any CPU.Build.0 = Debug|Any CPU
		{01888A1E-CE2F-46A0-AF6A-71C06D8CD88C}.Release|Any CPU.ActiveCfg = Release|Any CPU
		{01888A1E-CE2F-46A0-AF6A-71C06D8CD88C}.Release|Any CPU.Build.0 = Release|Any CPU
		{3ACDA1AE-5DB0-4563-A6EC-404B6A079CF1}.Debug|Any CPU.ActiveCfg = Debug|Any CPU
		{3ACDA1AE-5DB0-4563-A6EC-404B6A079CF1}.Debug|Any CPU.Build.0 = Debug|Any CPU
		{3ACDA1AE-5DB0-4563-A6EC-404B6A079CF1}.Release|Any CPU.ActiveCfg = Release|Any CPU
		{3ACDA1AE-5DB0-4563-A6EC-404B6A079CF1}.Release|Any CPU.Build.0 = Release|Any CPU
		{DCEC0ACF-2F2A-4F2E-BB95-174E82B42CF1}.Debug|Any CPU.ActiveCfg = Debug|Any CPU
		{DCEC0ACF-2F2A-4F2E-BB95-174E82B42CF1}.Debug|Any CPU.Build.0 = Debug|Any CPU
		{DCEC0ACF-2F2A-4F2E-BB95-174E82B42CF1}.Release|Any CPU.ActiveCfg = Release|Any CPU
		{DCEC0ACF-2F2A-4F2E-BB95-174E82B42CF1}.Release|Any CPU.Build.0 = Release|Any CPU
		{5CBE6123-6E23-43A4-B6DF-CB2B38B12831}.Debug|Any CPU.ActiveCfg = Debug|Any CPU
		{5CBE6123-6E23-43A4-B6DF-CB2B38B12831}.Debug|Any CPU.Build.0 = Debug|Any CPU
		{5CBE6123-6E23-43A4-B6DF-CB2B38B12831}.Release|Any CPU.ActiveCfg = Release|Any CPU
		{5CBE6123-6E23-43A4-B6DF-CB2B38B12831}.Release|Any CPU.Build.0 = Release|Any CPU
		{5522654C-2DE8-4F96-B6A1-E04102CDE69C}.Debug|Any CPU.ActiveCfg = Debug|Any CPU
		{5522654C-2DE8-4F96-B6A1-E04102CDE69C}.Debug|Any CPU.Build.0 = Debug|Any CPU
		{5522654C-2DE8-4F96-B6A1-E04102CDE69C}.Release|Any CPU.ActiveCfg = Release|Any CPU
		{5522654C-2DE8-4F96-B6A1-E04102CDE69C}.Release|Any CPU.Build.0 = Release|Any CPU
		{D0AC325D-54FF-4069-AE55-1AB0037CAD97}.Debug|Any CPU.ActiveCfg = Debug|Any CPU
		{D0AC325D-54FF-4069-AE55-1AB0037CAD97}.Debug|Any CPU.Build.0 = Debug|Any CPU
		{D0AC325D-54FF-4069-AE55-1AB0037CAD97}.Release|Any CPU.ActiveCfg = Release|Any CPU
		{D0AC325D-54FF-4069-AE55-1AB0037CAD97}.Release|Any CPU.Build.0 = Release|Any CPU
		{FF60C6C9-83D0-4E14-8E92-05FE8D56343C}.Debug|Any CPU.ActiveCfg = Debug|Any CPU
		{FF60C6C9-83D0-4E14-8E92-05FE8D56343C}.Debug|Any CPU.Build.0 = Debug|Any CPU
		{FF60C6C9-83D0-4E14-8E92-05FE8D56343C}.Release|Any CPU.ActiveCfg = Release|Any CPU
		{FF60C6C9-83D0-4E14-8E92-05FE8D56343C}.Release|Any CPU.Build.0 = Release|Any CPU
		{B617EAF3-2A51-40B3-BBBF-9AFA7BCBF5E2}.Debug|Any CPU.ActiveCfg = Debug|Any CPU
		{B617EAF3-2A51-40B3-BBBF-9AFA7BCBF5E2}.Debug|Any CPU.Build.0 = Debug|Any CPU
		{B617EAF3-2A51-40B3-BBBF-9AFA7BCBF5E2}.Release|Any CPU.ActiveCfg = Release|Any CPU
		{B617EAF3-2A51-40B3-BBBF-9AFA7BCBF5E2}.Release|Any CPU.Build.0 = Release|Any CPU
		{C5CF8F48-6B83-4C37-9A61-675629FA72F3}.Debug|Any CPU.ActiveCfg = Debug|Any CPU
		{C5CF8F48-6B83-4C37-9A61-675629FA72F3}.Debug|Any CPU.Build.0 = Debug|Any CPU
		{C5CF8F48-6B83-4C37-9A61-675629FA72F3}.Release|Any CPU.ActiveCfg = Release|Any CPU
		{C5CF8F48-6B83-4C37-9A61-675629FA72F3}.Release|Any CPU.Build.0 = Release|Any CPU
		{AE95BFA0-3EE3-424E-BFA4-4D9E2765FC34}.Debug|Any CPU.ActiveCfg = Debug|Any CPU
		{AE95BFA0-3EE3-424E-BFA4-4D9E2765FC34}.Debug|Any CPU.Build.0 = Debug|Any CPU
		{AE95BFA0-3EE3-424E-BFA4-4D9E2765FC34}.Release|Any CPU.ActiveCfg = Release|Any CPU
		{AE95BFA0-3EE3-424E-BFA4-4D9E2765FC34}.Release|Any CPU.Build.0 = Release|Any CPU
		{B6AF9CAC-C4E7-43F2-A0C3-6212BE7DB17B}.Debug|Any CPU.ActiveCfg = Debug|Any CPU
		{B6AF9CAC-C4E7-43F2-A0C3-6212BE7DB17B}.Debug|Any CPU.Build.0 = Debug|Any CPU
		{B6AF9CAC-C4E7-43F2-A0C3-6212BE7DB17B}.Release|Any CPU.ActiveCfg = Release|Any CPU
		{B6AF9CAC-C4E7-43F2-A0C3-6212BE7DB17B}.Release|Any CPU.Build.0 = Release|Any CPU
		{53DE3314-05E4-4541-8C83-EB48C1F3C99C}.Debug|Any CPU.ActiveCfg = Debug|Any CPU
		{53DE3314-05E4-4541-8C83-EB48C1F3C99C}.Debug|Any CPU.Build.0 = Debug|Any CPU
		{53DE3314-05E4-4541-8C83-EB48C1F3C99C}.Release|Any CPU.ActiveCfg = Release|Any CPU
		{53DE3314-05E4-4541-8C83-EB48C1F3C99C}.Release|Any CPU.Build.0 = Release|Any CPU
		{7847D3C7-AD3D-40D8-B548-D7945666DF2A}.Debug|Any CPU.ActiveCfg = Debug|Any CPU
		{7847D3C7-AD3D-40D8-B548-D7945666DF2A}.Debug|Any CPU.Build.0 = Debug|Any CPU
		{7847D3C7-AD3D-40D8-B548-D7945666DF2A}.Release|Any CPU.ActiveCfg = Release|Any CPU
		{7847D3C7-AD3D-40D8-B548-D7945666DF2A}.Release|Any CPU.Build.0 = Release|Any CPU
		{94EC8B91-A85A-4B32-A892-6B093044F7A2}.Debug|Any CPU.ActiveCfg = Debug|Any CPU
		{94EC8B91-A85A-4B32-A892-6B093044F7A2}.Debug|Any CPU.Build.0 = Debug|Any CPU
		{94EC8B91-A85A-4B32-A892-6B093044F7A2}.Release|Any CPU.ActiveCfg = Release|Any CPU
		{94EC8B91-A85A-4B32-A892-6B093044F7A2}.Release|Any CPU.Build.0 = Release|Any CPU
		{45B27E80-F6D8-403A-B34C-D183BA1FB2C4}.Debug|Any CPU.ActiveCfg = Debug|Any CPU
		{45B27E80-F6D8-403A-B34C-D183BA1FB2C4}.Debug|Any CPU.Build.0 = Debug|Any CPU
		{45B27E80-F6D8-403A-B34C-D183BA1FB2C4}.Release|Any CPU.ActiveCfg = Release|Any CPU
		{45B27E80-F6D8-403A-B34C-D183BA1FB2C4}.Release|Any CPU.Build.0 = Release|Any CPU
		{E09E9F1B-267D-4870-A6ED-B2CDBB716B13}.Debug|Any CPU.ActiveCfg = Debug|Any CPU
		{E09E9F1B-267D-4870-A6ED-B2CDBB716B13}.Debug|Any CPU.Build.0 = Debug|Any CPU
		{E09E9F1B-267D-4870-A6ED-B2CDBB716B13}.Release|Any CPU.ActiveCfg = Release|Any CPU
		{E09E9F1B-267D-4870-A6ED-B2CDBB716B13}.Release|Any CPU.Build.0 = Release|Any CPU
		{5AF1CBAE-7AC3-4537-9760-FF6B2AB2D4E5}.Debug|Any CPU.ActiveCfg = Debug|Any CPU
		{5AF1CBAE-7AC3-4537-9760-FF6B2AB2D4E5}.Debug|Any CPU.Build.0 = Debug|Any CPU
		{5AF1CBAE-7AC3-4537-9760-FF6B2AB2D4E5}.Release|Any CPU.ActiveCfg = Release|Any CPU
		{5AF1CBAE-7AC3-4537-9760-FF6B2AB2D4E5}.Release|Any CPU.Build.0 = Release|Any CPU
		{C7CEF360-8150-4262-839B-EBD094697B55}.Debug|Any CPU.ActiveCfg = Debug|Any CPU
		{C7CEF360-8150-4262-839B-EBD094697B55}.Debug|Any CPU.Build.0 = Debug|Any CPU
		{C7CEF360-8150-4262-839B-EBD094697B55}.Release|Any CPU.ActiveCfg = Release|Any CPU
		{C7CEF360-8150-4262-839B-EBD094697B55}.Release|Any CPU.Build.0 = Release|Any CPU
		{EAAEB6CA-3E8C-48A3-8CBB-0795FE0AD3A0}.Debug|Any CPU.ActiveCfg = Debug|Any CPU
		{EAAEB6CA-3E8C-48A3-8CBB-0795FE0AD3A0}.Debug|Any CPU.Build.0 = Debug|Any CPU
		{EAAEB6CA-3E8C-48A3-8CBB-0795FE0AD3A0}.Release|Any CPU.ActiveCfg = Release|Any CPU
		{EAAEB6CA-3E8C-48A3-8CBB-0795FE0AD3A0}.Release|Any CPU.Build.0 = Release|Any CPU
		{26423230-6689-43F7-A24B-5E9CA3C4AA1B}.Debug|Any CPU.ActiveCfg = Debug|Any CPU
		{26423230-6689-43F7-A24B-5E9CA3C4AA1B}.Debug|Any CPU.Build.0 = Debug|Any CPU
		{26423230-6689-43F7-A24B-5E9CA3C4AA1B}.Release|Any CPU.ActiveCfg = Release|Any CPU
		{26423230-6689-43F7-A24B-5E9CA3C4AA1B}.Release|Any CPU.Build.0 = Release|Any CPU
		{1A08911F-7F72-438A-A8A1-11DC8BECA81E}.Debug|Any CPU.ActiveCfg = Debug|Any CPU
		{1A08911F-7F72-438A-A8A1-11DC8BECA81E}.Debug|Any CPU.Build.0 = Debug|Any CPU
		{1A08911F-7F72-438A-A8A1-11DC8BECA81E}.Release|Any CPU.ActiveCfg = Release|Any CPU
		{1A08911F-7F72-438A-A8A1-11DC8BECA81E}.Release|Any CPU.Build.0 = Release|Any CPU
		{1C765A82-4E94-4D4D-89BA-A085E3506E23}.Debug|Any CPU.ActiveCfg = Debug|Any CPU
		{1C765A82-4E94-4D4D-89BA-A085E3506E23}.Debug|Any CPU.Build.0 = Debug|Any CPU
		{1C765A82-4E94-4D4D-89BA-A085E3506E23}.Release|Any CPU.ActiveCfg = Release|Any CPU
		{1C765A82-4E94-4D4D-89BA-A085E3506E23}.Release|Any CPU.Build.0 = Release|Any CPU
		{739B52C1-8B23-497B-A135-8077EB5FBA49}.Debug|Any CPU.ActiveCfg = Debug|Any CPU
		{739B52C1-8B23-497B-A135-8077EB5FBA49}.Debug|Any CPU.Build.0 = Debug|Any CPU
		{739B52C1-8B23-497B-A135-8077EB5FBA49}.Release|Any CPU.ActiveCfg = Release|Any CPU
		{739B52C1-8B23-497B-A135-8077EB5FBA49}.Release|Any CPU.Build.0 = Release|Any CPU
		{CEB15220-FFC1-458A-A080-AE610159E838}.Debug|Any CPU.ActiveCfg = Debug|Any CPU
		{CEB15220-FFC1-458A-A080-AE610159E838}.Debug|Any CPU.Build.0 = Debug|Any CPU
		{CEB15220-FFC1-458A-A080-AE610159E838}.Release|Any CPU.ActiveCfg = Release|Any CPU
		{CEB15220-FFC1-458A-A080-AE610159E838}.Release|Any CPU.Build.0 = Release|Any CPU
		{816EC8FA-E826-4992-B96B-B32DE677F594}.Debug|Any CPU.ActiveCfg = Debug|Any CPU
		{816EC8FA-E826-4992-B96B-B32DE677F594}.Debug|Any CPU.Build.0 = Debug|Any CPU
		{816EC8FA-E826-4992-B96B-B32DE677F594}.Release|Any CPU.ActiveCfg = Release|Any CPU
		{816EC8FA-E826-4992-B96B-B32DE677F594}.Release|Any CPU.Build.0 = Release|Any CPU
	EndGlobalSection
	GlobalSection(SolutionProperties) = preSolution
		HideSolutionNode = FALSE
	EndGlobalSection
	GlobalSection(NestedProjects) = preSolution
		{688DD62E-28A1-4C34-8347-E2D9475505DD} = {115FAEF7-CAA1-42BE-9E6E-DE87F0605E01}
		{3430E3EE-0E98-4F59-A918-1896A95A5E41} = {115FAEF7-CAA1-42BE-9E6E-DE87F0605E01}
		{B95D732C-D66B-4E11-9D07-B2011016C7DD} = {115FAEF7-CAA1-42BE-9E6E-DE87F0605E01}
		{12EBEA83-6E70-4271-822D-8134EB223104} = {115FAEF7-CAA1-42BE-9E6E-DE87F0605E01}
		{1CAF692C-85BE-4C2A-A576-1ED14AC10566} = {115FAEF7-CAA1-42BE-9E6E-DE87F0605E01}
		{E7C705C7-C8D8-4E59-8B72-68127A1C7888} = {70444E2B-AE0E-4EF4-BF5C-72825CD3F760}
		{B0F7CCCF-FCF5-4312-8BF5-6B209FA3E14F} = {115FAEF7-CAA1-42BE-9E6E-DE87F0605E01}
		{C5D5DD28-D433-457B-9A0D-227130ADFF08} = {70444E2B-AE0E-4EF4-BF5C-72825CD3F760}
		{CD549BD2-87B0-4189-8724-02AFA52DE22B} = {70444E2B-AE0E-4EF4-BF5C-72825CD3F760}
		{998FE98A-5ED7-4745-AE31-F526F32F25BF} = {115FAEF7-CAA1-42BE-9E6E-DE87F0605E01}
		{46FDC5BD-E5D9-4E30-BFD1-5EB09AC7A8B9} = {5FCB60E1-40FF-407D-9D26-3CB779C150F2}
		{40AEE451-06A6-4232-89EC-9EAEE2CD8205} = {06F65DB1-8D80-422E-A160-4464789F2CE4}
		{01888A1E-CE2F-46A0-AF6A-71C06D8CD88C} = {06F65DB1-8D80-422E-A160-4464789F2CE4}
		{3ACDA1AE-5DB0-4563-A6EC-404B6A079CF1} = {5FCB60E1-40FF-407D-9D26-3CB779C150F2}
		{DCEC0ACF-2F2A-4F2E-BB95-174E82B42CF1} = {5FCB60E1-40FF-407D-9D26-3CB779C150F2}
		{5CBE6123-6E23-43A4-B6DF-CB2B38B12831} = {5FCB60E1-40FF-407D-9D26-3CB779C150F2}
		{5522654C-2DE8-4F96-B6A1-E04102CDE69C} = {06F65DB1-8D80-422E-A160-4464789F2CE4}
		{D0AC325D-54FF-4069-AE55-1AB0037CAD97} = {06F65DB1-8D80-422E-A160-4464789F2CE4}
		{FF60C6C9-83D0-4E14-8E92-05FE8D56343C} = {867782D1-AD02-4FDF-81B4-AD832439DE71}
		{B617EAF3-2A51-40B3-BBBF-9AFA7BCBF5E2} = {867782D1-AD02-4FDF-81B4-AD832439DE71}
		{C5CF8F48-6B83-4C37-9A61-675629FA72F3} = {867782D1-AD02-4FDF-81B4-AD832439DE71}
		{AE95BFA0-3EE3-424E-BFA4-4D9E2765FC34} = {867782D1-AD02-4FDF-81B4-AD832439DE71}
		{B6AF9CAC-C4E7-43F2-A0C3-6212BE7DB17B} = {3F0B0931-812A-4682-B5E2-D113A16A0113}
		{53DE3314-05E4-4541-8C83-EB48C1F3C99C} = {3F0B0931-812A-4682-B5E2-D113A16A0113}
		{7847D3C7-AD3D-40D8-B548-D7945666DF2A} = {3F0B0931-812A-4682-B5E2-D113A16A0113}
		{94EC8B91-A85A-4B32-A892-6B093044F7A2} = {41514DC4-BBC0-4510-B4CE-BDC029CED8B6}
		{45B27E80-F6D8-403A-B34C-D183BA1FB2C4} = {41514DC4-BBC0-4510-B4CE-BDC029CED8B6}
		{E09E9F1B-267D-4870-A6ED-B2CDBB716B13} = {41514DC4-BBC0-4510-B4CE-BDC029CED8B6}
		{5AF1CBAE-7AC3-4537-9760-FF6B2AB2D4E5} = {41514DC4-BBC0-4510-B4CE-BDC029CED8B6}
		{C7CEF360-8150-4262-839B-EBD094697B55} = {6E7D0C7C-49EB-4EE2-9ED9-FED0831C7643}
		{EAAEB6CA-3E8C-48A3-8CBB-0795FE0AD3A0} = {6E7D0C7C-49EB-4EE2-9ED9-FED0831C7643}
		{26423230-6689-43F7-A24B-5E9CA3C4AA1B} = {6E7D0C7C-49EB-4EE2-9ED9-FED0831C7643}
		{1A08911F-7F72-438A-A8A1-11DC8BECA81E} = {6E7D0C7C-49EB-4EE2-9ED9-FED0831C7643}
		{1C765A82-4E94-4D4D-89BA-A085E3506E23} = {0C0FD651-EAAC-46A2-8A3A-6C6FF71CFB20}
		{739B52C1-8B23-497B-A135-8077EB5FBA49} = {0C0FD651-EAAC-46A2-8A3A-6C6FF71CFB20}
		{CEB15220-FFC1-458A-A080-AE610159E838} = {0C0FD651-EAAC-46A2-8A3A-6C6FF71CFB20}
		{816EC8FA-E826-4992-B96B-B32DE677F594} = {0C0FD651-EAAC-46A2-8A3A-6C6FF71CFB20}
	EndGlobalSection
	GlobalSection(ExtensibilityGlobals) = postSolution
		SolutionGuid = {FBE2E496-359E-40B6-9561-2EAC4004AAC1}
	EndGlobalSection
EndGlobal
